
Microsoft Visual Studio Solution File, Format Version 12.00
# Visual Studio Version 16
VisualStudioVersion = 16.0.31205.134
MinimumVisualStudioVersion = 10.0.40219.1
Project("{888888A0-9F3D-457C-B088-3A5042F75D52}") = "April23", "April23.pyproj", "{A0355A9E-AB80-4155-A4FF-CDB995FF41EE}"
EndProject
Global
	GlobalSection(SolutionConfigurationPlatforms) = preSolution
		Debug|Any CPU = Debug|Any CPU
		Release|Any CPU = Release|Any CPU
	EndGlobalSection
	GlobalSection(ProjectConfigurationPlatforms) = postSolution
		{A0355A9E-AB80-4155-A4FF-CDB995FF41EE}.Debug|Any CPU.ActiveCfg = Debug|Any CPU
		{A0355A9E-AB80-4155-A4FF-CDB995FF41EE}.Release|Any CPU.ActiveCfg = Release|Any CPU
	EndGlobalSection
	GlobalSection(SolutionProperties) = preSolution
		HideSolutionNode = FALSE
	EndGlobalSection
	GlobalSection(ExtensibilityGlobals) = postSolution
		SolutionGuid = {7C9A4A41-BB57-4C0A-8EDF-EE2B0E0CF88D}
	EndGlobalSection
EndGlobal
