
Microsoft Visual Studio Solution File, Format Version 12.00
# Visual Studio Version 16
VisualStudioVersion = 16.0.30717.126
MinimumVisualStudioVersion = 10.0.40219.1
Project("{888888A0-9F3D-457C-B088-3A5042F75D52}") = "NOK", "NOK.pyproj", "{282CBA03-4F3C-40F9-8C37-E3BC188B2ACA}"
EndProject
Project("{888888A0-9F3D-457C-B088-3A5042F75D52}") = "NOD", "..\NOD\NOD.pyproj", "{B613C8ED-B94E-4D51-8A27-7C781F26DCC5}"
EndProject
Project("{888888A0-9F3D-457C-B088-3A5042F75D52}") = "nok2", "..\Nod2\nok2.pyproj", "{1AD53F62-B147-4966-8609-C04A9B4F201D}"
EndProject
Global
	GlobalSection(SolutionConfigurationPlatforms) = preSolution
		Debug|Any CPU = Debug|Any CPU
		Release|Any CPU = Release|Any CPU
	EndGlobalSection
	GlobalSection(ProjectConfigurationPlatforms) = postSolution
		{282CBA03-4F3C-40F9-8C37-E3BC188B2ACA}.Debug|Any CPU.ActiveCfg = Debug|Any CPU
		{282CBA03-4F3C-40F9-8C37-E3BC188B2ACA}.Release|Any CPU.ActiveCfg = Release|Any CPU
		{B613C8ED-B94E-4D51-8A27-7C781F26DCC5}.Debug|Any CPU.ActiveCfg = Debug|Any CPU
		{B613C8ED-B94E-4D51-8A27-7C781F26DCC5}.Release|Any CPU.ActiveCfg = Release|Any CPU
		{1AD53F62-B147-4966-8609-C04A9B4F201D}.Debug|Any CPU.ActiveCfg = Debug|Any CPU
		{1AD53F62-B147-4966-8609-C04A9B4F201D}.Release|Any CPU.ActiveCfg = Release|Any CPU
	EndGlobalSection
	GlobalSection(SolutionProperties) = preSolution
		HideSolutionNode = FALSE
	EndGlobalSection
	GlobalSection(ExtensibilityGlobals) = postSolution
		SolutionGuid = {B3365F61-87FD-42C3-8FA9-360AE4D50689}
	EndGlobalSection
EndGlobal
